<?xml version="1.0" encoding="utf-8"?>
<Project ToolsVersion="4.0" xmlns="http://schemas.microsoft.com/developer/msbuild/2003">
  <ItemGroup>
    <Filter Include="Source Files">
      <UniqueIdentifier>{4FC737F1-C7A5-4376-A066-2A32D752A2FF}</UniqueIdentifier>
      <Extensions>cpp;c;cc;cxx;c++;cppm;ixx;def;odl;idl;hpj;bat;asm;asmx</Extensions>
    </Filter>
    <Filter Include="Header Files">
      <UniqueIdentifier>{93995380-89BD-4b04-88EB-625FBE52EBFB}</UniqueIdentifier>
      <Extensions>h;hh;hpp;hxx;h++;hm;inl;inc;ipp;xsd</Extensions>
    </Filter>
    <Filter Include="Resource Files">
      <UniqueIdentifier>{67DA6AB6-F800-4c08-8B7A-83BB121AAD01}</UniqueIdentifier>
      <Extensions>rc;ico;cur;bmp;dlg;rc2;rct;bin;rgs;gif;jpg;jpeg;jpe;resx;tiff;tif;png;wav;mfcribbon-ms</Extensions>
    </Filter>
  </ItemGroup>
  <ItemGroup>
    <ClInclude Include="include\utils\ntdll.h">
      <Filter>Header Files</Filter>
    </ClInclude>
    <ClInclude Include="include\utils\resource.h">
      <Filter>Header Files</Filter>
    </ClInclude>
    <ClInclude Include="include\server\server.h">
      <Filter>Header Files</Filter>
    </ClInclude>
    <ClInclude Include="src\Luau\BuiltinFolding.h">
      <Filter>Header Files</Filter>
    </ClInclude>
    <ClInclude Include="src\Luau\Builtins.h">
      <Filter>Header Files</Filter>
    </ClInclude>
    <ClInclude Include="src\Luau\ConstantFolding.h">
      <Filter>Header Files</Filter>
    </ClInclude>
    <ClInclude Include="src\Luau\CostModel.h">
      <Filter>Header Files</Filter>
    </ClInclude>
    <ClInclude Include="src\Luau\TableShape.h">
      <Filter>Header Files</Filter>
    </ClInclude>
    <ClInclude Include="src\Luau\Types.h">
      <Filter>Header Files</Filter>
    </ClInclude>
    <ClInclude Include="src\Luau\ValueTracking.h">
      <Filter>Header Files</Filter>
    </ClInclude>
    <ClInclude Include="include\luacode.h">
      <Filter>Header Files</Filter>
    </ClInclude>
    <ClInclude Include="include\Luau\Ast.h">
      <Filter>Header Files</Filter>
    </ClInclude>
    <ClInclude Include="include\Luau\Bytecode.h">
      <Filter>Header Files</Filter>
    </ClInclude>
    <ClInclude Include="include\Luau\BytecodeBuilder.h">
      <Filter>Header Files</Filter>
    </ClInclude>
    <ClInclude Include="include\Luau\BytecodeUtils.h">
      <Filter>Header Files</Filter>
    </ClInclude>
    <ClInclude Include="include\Luau\Common.h">
      <Filter>Header Files</Filter>
    </ClInclude>
    <ClInclude Include="include\Luau\Compiler.h">
      <Filter>Header Files</Filter>
    </ClInclude>
    <ClInclude Include="include\Luau\Confusables.h">
      <Filter>Header Files</Filter>
    </ClInclude>
    <ClInclude Include="include\Luau\DenseHash.h">
      <Filter>Header Files</Filter>
    </ClInclude>
    <ClInclude Include="include\Luau\ExperimentalFlags.h">
      <Filter>Header Files</Filter>
    </ClInclude>
    <ClInclude Include="include\Luau\Lexer.h">
      <Filter>Header Files</Filter>
    </ClInclude>
    <ClInclude Include="include\Luau\Location.h">
      <Filter>Header Files</Filter>
    </ClInclude>
    <ClInclude Include="include\Luau\ParseOptions.h">
      <Filter>Header Files</Filter>
    </ClInclude>
    <ClInclude Include="include\Luau\Parser.h">
      <Filter>Header Files</Filter>
    </ClInclude>
    <ClInclude Include="include\Luau\ParseResult.h">
      <Filter>Header Files</Filter>
    </ClInclude>
    <ClInclude Include="include\Luau\StringUtils.h">
      <Filter>Header Files</Filter>
    </ClInclude>
    <ClInclude Include="include\Luau\TimeTrace.h">
      <Filter>Header Files</Filter>
    </ClInclude>
    <ClInclude Include="include\Luau\Variant.h">
      <Filter>Header Files</Filter>
    </ClInclude>
    <ClInclude Include="include\Luau\VecDeque.h">
      <Filter>Header Files</Filter>
    </ClInclude>
    <ClInclude Include="include\utils\base64.hpp">
      <Filter>Header Files</Filter>
    </ClInclude>
    <ClInclude Include="include\worker.hpp">
      <Filter>Header Files</Filter>
    </ClInclude>
    <ClInclude Include="include\server\nlohmann\json.hpp">
      <Filter>Header Files</Filter>
    </ClInclude>
    <ClInclude Include="include\server\nlohmann\json_fwd.hpp">
      <Filter>Header Files</Filter>
    </ClInclude>
    <ClInclude Include="include\server\httplib.h">
      <Filter>Header Files</Filter>
    </ClInclude>
  </ItemGroup>
  <ItemGroup>
    <ClCompile Include="src\Xeno.cpp">
      <Filter>Source Files</Filter>
    </ClCompile>
    <ClCompile Include="include\utils\ntdll.cpp">
      <Filter>Source Files</Filter>
    </ClCompile>
    <ClCompile Include="src\Luau\Ast.cpp">
      <Filter>Source Files</Filter>
    </ClCompile>
    <ClCompile Include="src\Luau\BuiltinFolding.cpp">
      <Filter>Source Files</Filter>
    </ClCompile>
    <ClCompile Include="src\Luau\Builtins.cpp">
      <Filter>Source Files</Filter>
    </ClCompile>
    <ClCompile Include="src\Luau\BytecodeBuilder.cpp">
      <Filter>Source Files</Filter>
    </ClCompile>
    <ClCompile Include="src\Luau\Compiler.cpp">
      <Filter>Source Files</Filter>
    </ClCompile>
    <ClCompile Include="src\Luau\Confusables.cpp">
      <Filter>Source Files</Filter>
    </ClCompile>
    <ClCompile Include="src\Luau\ConstantFolding.cpp">
      <Filter>Source Files</Filter>
    </ClCompile>
    <ClCompile Include="src\Luau\CostModel.cpp">
      <Filter>Source Files</Filter>
    </ClCompile>
    <ClCompile Include="src\Luau\lcode.cpp">
      <Filter>Source Files</Filter>
    </ClCompile>
    <ClCompile Include="src\Luau\Lexer.cpp">
      <Filter>Source Files</Filter>
    </ClCompile>
    <ClCompile Include="src\Luau\Location.cpp">
      <Filter>Source Files</Filter>
    </ClCompile>
    <ClCompile Include="src\Luau\Parser.cpp">
      <Filter>Source Files</Filter>
    </ClCompile>
    <ClCompile Include="src\Luau\StringUtils.cpp">
      <Filter>Source Files</Filter>
    </ClCompile>
    <ClCompile Include="src\Luau\TableShape.cpp">
      <Filter>Source Files</Filter>
    </ClCompile>
    <ClCompile Include="src\Luau\TimeTrace.cpp">
      <Filter>Source Files</Filter>
    </ClCompile>
    <ClCompile Include="src\Luau\Types.cpp">
      <Filter>Source Files</Filter>
    </ClCompile>
    <ClCompile Include="src\Luau\ValueTracking.cpp">
      <Filter>Source Files</Filter>
    </ClCompile>
    <ClCompile Include="src\worker.cpp">
      <Filter>Source Files</Filter>
    </ClCompile>
    <ClCompile Include="src\server.cpp">
      <Filter>Source Files</Filter>
    </ClCompile>
  </ItemGroup>
  <ItemGroup>
    <ResourceCompile Include="Xeno.rc">
      <Filter>Resource Files</Filter>
    </ResourceCompile>
  </ItemGroup>
  <ItemGroup>
    <None Include="include\client.lua" />
    <None Include="format.py" />
    <None Include="run.bat">
      <Filter>Source Files</Filter>
    </None>
  </ItemGroup>
</Project>